
Microsoft Visual Studio Solution File, Format Version 12.00
# Visual Studio Version 16
VisualStudioVersion = 16.0.29418.71
MinimumVisualStudioVersion = 10.0.40219.1
Project("{FAE04EC0-301F-11D3-BF4B-00C04F79EFBC}") = "WebApp-Prog3", "WebApp-Prog3\WebApp-Prog3.csproj", "{0BB3032E-23C7-4BA6-9497-5C1536F31813}"
EndProject
Global
	GlobalSection(SolutionConfigurationPlatforms) = preSolution
		Debug|Any CPU = Debug|Any CPU
		Release|Any CPU = Release|Any CPU
	EndGlobalSection
	GlobalSection(ProjectConfigurationPlatforms) = postSolution
		{0BB3032E-23C7-4BA6-9497-5C1536F31813}.Debug|Any CPU.ActiveCfg = Debug|Any CPU
		{0BB3032E-23C7-4BA6-9497-5C1536F31813}.Debug|Any CPU.Build.0 = Debug|Any CPU
		{0BB3032E-23C7-4BA6-9497-5C1536F31813}.Release|Any CPU.ActiveCfg = Release|Any CPU
		{0BB3032E-23C7-4BA6-9497-5C1536F31813}.Release|Any CPU.Build.0 = Release|Any CPU
	EndGlobalSection
	GlobalSection(SolutionProperties) = preSolution
		HideSolutionNode = FALSE
	EndGlobalSection
	GlobalSection(ExtensibilityGlobals) = postSolution
		SolutionGuid = {D0DCBD46-06B7-48F5-AF42-81772F9C8730}
	EndGlobalSection
EndGlobal
